
Microsoft Visual Studio Solution File, Format Version 10.00
# Visual Studio 2008
Project("{F184B08F-C81C-45F6-A57F-5ABD9991F28F}") = "CLP-AdaptiveSolution", "CLP-AdaptiveSolution\CLP-AdaptiveSolution.vbproj", "{886A09DD-6AFD-4C50-BEC2-775CA580BBDE}"
EndProject
Global
	GlobalSection(SubversionScc) = preSolution
		Svn-Managed = True
		Manager = AnkhSVN - Subversion Support for Visual Studio
	EndGlobalSection
	GlobalSection(SolutionConfigurationPlatforms) = preSolution
		Debug|Any CPU = Debug|Any CPU
		Release|Any CPU = Release|Any CPU
	EndGlobalSection
	GlobalSection(ProjectConfigurationPlatforms) = postSolution
		{886A09DD-6AFD-4C50-BEC2-775CA580BBDE}.Debug|Any CPU.ActiveCfg = Debug|Any CPU
		{886A09DD-6AFD-4C50-BEC2-775CA580BBDE}.Debug|Any CPU.Build.0 = Debug|Any CPU
		{886A09DD-6AFD-4C50-BEC2-775CA580BBDE}.Release|Any CPU.ActiveCfg = Release|Any CPU
		{886A09DD-6AFD-4C50-BEC2-775CA580BBDE}.Release|Any CPU.Build.0 = Release|Any CPU
	EndGlobalSection
	GlobalSection(SolutionProperties) = preSolution
		HideSolutionNode = FALSE
	EndGlobalSection
EndGlobal
